// !$*UTF8*$!
{
	archiveVersion = 1;
	classes = {
	};
	objectVersion = 46;
	objects = {

/* Begin PBXBuildFile section */
		80F22D831CC90B7A001B9392 /* AppDelegate.swift in Sources */ = {isa = PBXBuildFile; fileRef = 80F22D821CC90B7A001B9392 /* AppDelegate.swift */; };
		80F22D851CC90B7A001B9392 /* ViewController.swift in Sources */ = {isa = PBXBuildFile; fileRef = 80F22D841CC90B7A001B9392 /* ViewController.swift */; };
		80F22D881CC90B7A001B9392 /* Main.storyboard in Resources */ = {isa = PBXBuildFile; fileRef = 80F22D861CC90B7A001B9392 /* Main.storyboard */; };
		80F22D8A1CC90B7A001B9392 /* Assets.xcassets in Resources */ = {isa = PBXBuildFile; fileRef = 80F22D891CC90B7A001B9392 /* Assets.xcassets */; };
		80F22D8D1CC90B7A001B9392 /* LaunchScreen.storyboard in Resources */ = {isa = PBXBuildFile; fileRef = 80F22D8B1CC90B7A001B9392 /* LaunchScreen.storyboard */; };
/* End PBXBuildFile section */

/* Begin PBXFileReference section */
		80F22D7F1CC90B7A001B9392 /* Randora.app */ = {isa = PBXFileReference; explicitFileType = wrapper.application; includeInIndex = 0; path = Randora.app; sourceTree = BUILT_PRODUCTS_DIR; };
		80F22D821CC90B7A001B9392 /* AppDelegate.swift */ = {isa = PBXFileReference; lastKnownFileType = sourcecode.swift; path = AppDelegate.swift; sourceTree = "<group>"; };
		80F22D841CC90B7A001B9392 /* ViewController.swift */ = {isa = PBXFileReference; lastKnownFileType = sourcecode.swift; path = ViewController.swift; sourceTree = "<group>"; };
		80F22D871CC90B7A001B9392 /* Base */ = {isa = PBXFileReference; lastKnownFileType = file.storyboard; name = Base; path = Base.lproj/Main.storyboard; sourceTree = "<group>"; };
		80F22D891CC90B7A001B9392 /* Assets.xcassets */ = {isa = PBXFileReference; lastKnownFileType = folder.assetcatalog; path = Assets.xcassets; sourceTree = "<group>"; };
		80F22D8C1CC90B7A001B9392 /* Base */ = {isa = PBXFileReference; lastKnownFileType = file.storyboard; name = Base; path = Base.lproj/LaunchScreen.storyboard; sourceTree = "<group>"; };
		80F22D8E1CC90B7A001B9392 /* Info.plist */ = {isa = PBXFileReference; lastKnownFileType = text.plist.xml; path = Info.plist; sourceTree = "<group>"; };
/* End PBXFileReference section */

/* Begin PBXFrameworksBuildPhase section */
		80F22D7C1CC90B7A001B9392 /* Frameworks */ = {
			isa = PBXFrameworksBuildPhase;
			buildActionMask = 2147483647;
			files = (
			);
			runOnlyForDeploymentPostprocessing = 0;
		};
/* End PBXFrameworksBuildPhase section */

/* Begin PBXGroup section */
		80F22D761CC90B7A001B9392 = {
			isa = PBXGroup;
			children = (
				80F22D811CC90B7A001B9392 /* Randora */,
				80F22D801CC90B7A001B9392 /* Products */,
			);
			sourceTree = "<group>";
		};
		80F22D801CC90B7A001B9392 /* Products */ = {
			isa = PBXGroup;
			children = (
				80F22D7F1CC90B7A001B9392 /* Randora.app */,
			);
			name = Products;
			sourceTree = "<group>";
		};
		80F22D811CC90B7A001B9392 /* Randora */ = {
			isa = PBXGroup;
			children = (
				80F22D821CC90B7A001B9392 /* AppDelegate.swift */,
				80F22D841CC90B7A001B9392 /* ViewController.swift */,
				80F22D861CC90B7A001B9392 /* Main.storyboard */,
				80F22D891CC90B7A001B9392 /* Assets.xcassets */,
				80F22D8B1CC90B7A001B9392 /* LaunchScreen.storyboard */,
				80F22D8E1CC90B7A001B9392 /* Info.plist */,
			);
			path = Randora;
			sourceTree = "<group>";
		};
/* End PBXGroup section */

/* Begin PBXNativeTarget section */
		80F22D7E1CC90B7A001B9392 /* Randora */ = {
			isa = PBXNativeTarget;
			buildConfigurationList = 80F22D911CC90B7A001B9392 /* Build configuration list for PBXNativeTarget "Randora" */;
			buildPhases = (
				80F22D7B1CC90B7A001B9392 /* Sources */,
				80F22D7C1CC90B7A001B9392 /* Frameworks */,
				80F22D7D1CC90B7A001B9392 /* Resources */,
			);
			buildRules = (
			);
			dependencies = (
			);
			name = Randora;
			productName = Randora;
			productReference = 80F22D7F1CC90B7A001B9392 /* Randora.app */;
			productType = "com.apple.product-type.application";
		};
/* End PBXNativeTarget section */

/* Begin PBXProject section */
		80F22D771CC90B7A001B9392 /* Project object */ = {
			isa = PBXProject;
			attributes = {
				LastSwiftUpdateCheck = 0730;
				LastUpgradeCheck = 0730;
				ORGANIZATIONNAME = MPIO.ME;
				TargetAttributes = {
					80F22D7E1CC90B7A001B9392 = {
						CreatedOnToolsVersion = 7.3;
					};
				};
			};
			buildConfigurationList = 80F22D7A1CC90B7A001B9392 /* Build configuration list for PBXProject "Randora" */;
			compatibilityVersion = "Xcode 3.2";
			developmentRegion = English;
			hasScannedForEncodings = 0;
			knownRegions = (
				en,
				Base,
			);
			mainGroup = 80F22D761CC90B7A001B9392;
			productRefGroup = 80F22D801CC90B7A001B9392 /* Products */;
			projectDirPath = "";
			projectRoot = "";
			targets = (
				80F22D7E1CC90B7A001B9392 /* Randora */,
			);
		};
/* End PBXProject section */

/* Begin PBXResourcesBuildPhase section */
		80F22D7D1CC90B7A001B9392 /* Resources */ = {
			isa = PBXResourcesBuildPhase;
			buildActionMask = 2147483647;
			files = (
				80F22D8D1CC90B7A001B9392 /* LaunchScreen.storyboard in Resources */,
				80F22D8A1CC90B7A001B9392 /* Assets.xcassets in Resources */,
				80F22D881CC90B7A001B9392 /* Main.storyboard in Resources */,
			);
			runOnlyForDeploymentPostprocessing = 0;
		};
/* End PBXResourcesBuildPhase section */

/* Begin PBXSourcesBuildPhase section */
		80F22D7B1CC90B7A001B9392 /* Sources */ = {
			isa = PBXSourcesBuildPhase;
			buildActionMask = 2147483647;
			files = (
				80F22D851CC90B7A001B9392 /* ViewController.swift in Sources */,
				80F22D831CC90B7A001B9392 /* AppDelegate.swift in Sources */,
			);
			runOnlyForDeploymentPostprocessing = 0;
		};
/* End PBXSourcesBuildPhase section */

/* Begin PBXVariantGroup section */
		80F22D861CC90B7A001B9392 /* Main.storyboard */ = {
			isa = PBXVariantGroup;
			children = (
				80F22D871CC90B7A001B9392 /* Base */,
			);
			name = Main.storyboard;
			sourceTree = "<group>";
		};
		80F22D8B1CC90B7A001B9392 /* LaunchScreen.storyboard */ = {
			isa = PBXVariantGroup;
			children = (
				80F22D8C1CC90B7A001B9392 /* Base */,
			);
			name = LaunchScreen.storyboard;
			sourceTree = "<group>";
		};
/* End PBXVariantGroup section */

/* Begin XCBuildConfiguration section */
		80F22D8F1CC90B7A001B9392 /* Debug */ = {
			isa = XCBuildConfiguration;
			buildSettings = {
				ALWAYS_SEARCH_USER_PATHS = NO;
				CLANG_ANALYZER_NONNULL = YES;
				CLANG_CXX_LANGUAGE_STANDARD = "gnu++0x";
				CLANG_CXX_LIBRARY = "libc++";
				CLANG_ENABLE_MODULES = YES;
				CLANG_ENABLE_OBJC_ARC = YES;
				CLANG_WARN_BOOL_CONVERSION = YES;
				CLANG_WARN_CONSTANT_CONVERSION = YES;
				CLANG_WARN_DIRECT_OBJC_ISA_USAGE = YES_ERROR;
				CLANG_WARN_EMPTY_BODY = YES;
				CLANG_WARN_ENUM_CONVERSION = YES;
				CLANG_WARN_INT_CONVERSION = YES;
				CLANG_WARN_OBJC_ROOT_CLASS = YES_ERROR;
				CLANG_WARN_UNREACHABLE_CODE = YES;
				CLANG_WARN__DUPLICATE_METHOD_MATCH = YES;
				"CODE_SIGN_IDENTITY[sdk=iphoneos*]" = "iPhone Developer";
				COPY_PHASE_STRIP = NO;
				DEBUG_INFORMATION_FORMAT = dwarf;
				ENABLE_STRICT_OBJC_MSGSEND = YES;
				ENABLE_TESTABILITY = YES;
				GCC_C_LANGUAGE_STANDARD = gnu99;
				GCC_DYNAMIC_NO_PIC = NO;
				GCC_NO_COMMON_BLOCKS = YES;
				GCC_OPTIMIZATION_LEVEL = 0;
				GCC_PREPROCESSOR_DEFINITIONS = (
					"DEBUG=1",
					"$(inherited)",
				);
				GCC_WARN_64_TO_32_BIT_CONVERSION = YES;
				GCC_WARN_ABOUT_RETURN_TYPE = YES_ERROR;
				GCC_WARN_UNDECLARED_SELECTOR = YES;
				GCC_WARN_UNINITIALIZED_AUTOS = YES_AGGRESSIVE;
				GCC_WARN_UNUSED_FUNCTION = YES;
				GCC_WARN_UNUSED_VARIABLE = YES;
				IPHONEOS_DEPLOYMENT_TARGET = 9.3;
				MTL_ENABLE_DEBUG_INFO = YES;
				ONLY_ACTIVE_ARCH = YES;
				SDKROOT = iphoneos;
				SWIFT_OPTIMIZATION_LEVEL = "-Onone";
				TARGETED_DEVICE_FAMILY = "1,2";
			};
			name = Debug;
		};
		80F22D901CC90B7A001B9392 /* Release */ = {
			isa = XCBuildConfiguration;
			buildSettings = {
				ALWAYS_SEARCH_USER_PATHS = NO;
				CLANG_ANALYZER_NONNULL = YES;
				CLANG_CXX_LANGUAGE_STANDARD = "gnu++0x";
				CLANG_CXX_LIBRARY = "libc++";
				CLANG_ENABLE_MODULES = YES;
				CLANG_ENABLE_OBJC_ARC = YES;
				CLANG_WARN_BOOL_CONVERSION = YES;
				CLANG_WARN_CONSTANT_CONVERSION = YES;
				CLANG_WARN_DIRECT_OBJC_ISA_USAGE = YES_ERROR;
				CLANG_WARN_EMPTY_BODY = YES;
				CLANG_WARN_ENUM_CONVERSION = YES;
				CLANG_WARN_INT_CONVERSION = YES;
				CLANG_WARN_OBJC_ROOT_CLASS = YES_ERROR;
				CLANG_WARN_UNREACHABLE_CODE = YES;
				CLANG_WARN__DUPLICATE_METHOD_MATCH = YES;
				"CODE_SIGN_IDENTITY[sdk=iphoneos*]" = "iPhone Developer";
				COPY_PHASE_STRIP = NO;
				DEBUG_INFORMATION_FORMAT = "dwarf-with-dsym";
				ENABLE_NS_ASSERTIONS = NO;
				ENABLE_STRICT_OBJC_MSGSEND = YES;
				GCC_C_LANGUAGE_STANDARD = gnu99;
				GCC_NO_COMMON_BLOCKS = YES;
				GCC_WARN_64_TO_32_BIT_CONVERSION = YES;
				GCC_WARN_ABOUT_RETURN_TYPE = YES_ERROR;
				GCC_WARN_UNDECLARED_SELECTOR = YES;
				GCC_WARN_UNINITIALIZED_AUTOS = YES_AGGRESSIVE;
				GCC_WARN_UNUSED_FUNCTION = YES;
				GCC_WARN_UNUSED_VARIABLE = YES;
				IPHONEOS_DEPLOYMENT_TARGET = 9.3;
				MTL_ENABLE_DEBUG_INFO = NO;
				SDKROOT = iphoneos;
				TARGETED_DEVICE_FAMILY = "1,2";
				VALIDATE_PRODUCT = YES;
			};
			name = Release;
		};
		80F22D921CC90B7A001B9392 /* Debug */ = {
			isa = XCBuildConfiguration;
			buildSettings = {
				ASSETCATALOG_COMPILER_APPICON_NAME = AppIcon;
				INFOPLIST_FILE = Randora/Info.plist;
				LD_RUNPATH_SEARCH_PATHS = "$(inherited) @executable_path/Frameworks";
				PRODUCT_BUNDLE_IDENTIFIER = me.mpio.Randora;
				PRODUCT_NAME = "$(TARGET_NAME)";
			};
			name = Debug;
		};
		80F22D931CC90B7A001B9392 /* Release */ = {
			isa = XCBuildConfiguration;
			buildSettings = {
				ASSETCATALOG_COMPILER_APPICON_NAME = AppIcon;
				INFOPLIST_FILE = Randora/Info.plist;
				LD_RUNPATH_SEARCH_PATHS = "$(inherited) @executable_path/Frameworks";
				PRODUCT_BUNDLE_IDENTIFIER = me.mpio.Randora;
				PRODUCT_NAME = "$(TARGET_NAME)";
			};
			name = Release;
		};
/* End XCBuildConfiguration section */

/* Begin XCConfigurationList section */
		80F22D7A1CC90B7A001B9392 /* Build configuration list for PBXProject "Randora" */ = {
			isa = XCConfigurationList;
			buildConfigurations = (
				80F22D8F1CC90B7A001B9392 /* Debug */,
				80F22D901CC90B7A001B9392 /* Release */,
			);
			defaultConfigurationIsVisible = 0;
			defaultConfigurationName = Release;
		};
		80F22D911CC90B7A001B9392 /* Build configuration list for PBXNativeTarget "Randora" */ = {
			isa = XCConfigurationList;
			buildConfigurations = (
				80F22D921CC90B7A001B9392 /* Debug */,
				80F22D931CC90B7A001B9392 /* Release */,
			);
			defaultConfigurationIsVisible = 0;
		};
/* End XCConfigurationList section */
	};
	rootObject = 80F22D771CC90B7A001B9392 /* Project object */;
}
